
Microsoft Visual Studio Solution File, Format Version 12.00
# Visual Studio 15
VisualStudioVersion = 15.0.28307.1300
MinimumVisualStudioVersion = 10.0.40219.1
Project("{FAE04EC0-301F-11D3-BF4B-00C04F79EFBC}") = "using-client-cache-xml-and-properties-file", "using-client-cache-xml-and-properties-file\using-client-cache-xml-and-properties-file.csproj", "{3C22E727-3B72-4160-9CE5-F7189E6EB15D}"
EndProject
Global
	GlobalSection(SolutionConfigurationPlatforms) = preSolution
		Debug|Any CPU = Debug|Any CPU
		Release|Any CPU = Release|Any CPU
	EndGlobalSection
	GlobalSection(ProjectConfigurationPlatforms) = postSolution
		{3C22E727-3B72-4160-9CE5-F7189E6EB15D}.Debug|Any CPU.ActiveCfg = Debug|Any CPU
		{3C22E727-3B72-4160-9CE5-F7189E6EB15D}.Debug|Any CPU.Build.0 = Debug|Any CPU
		{3C22E727-3B72-4160-9CE5-F7189E6EB15D}.Release|Any CPU.ActiveCfg = Release|Any CPU
		{3C22E727-3B72-4160-9CE5-F7189E6EB15D}.Release|Any CPU.Build.0 = Release|Any CPU
	EndGlobalSection
	GlobalSection(SolutionProperties) = preSolution
		HideSolutionNode = FALSE
	EndGlobalSection
	GlobalSection(ExtensibilityGlobals) = postSolution
		SolutionGuid = {BE3DCC38-4025-45C8-A99E-20B5A829825B}
	EndGlobalSection
EndGlobal
